
Microsoft Visual Studio Solution File, Format Version 12.00
# Visual Studio Version 16
VisualStudioVersion = 16.0.30011.22
MinimumVisualStudioVersion = 10.0.40219.1
Project("{FAE04EC0-301F-11D3-BF4B-00C04F79EFBC}") = "mycsharp_lesson11", "mycsharp_lesson11\mycsharp_lesson11.csproj", "{65D52CC1-85DC-48FB-933F-AF4DD5C4700F}"
EndProject
Global
	GlobalSection(SolutionConfigurationPlatforms) = preSolution
		Debug|Any CPU = Debug|Any CPU
		Release|Any CPU = Release|Any CPU
	EndGlobalSection
	GlobalSection(ProjectConfigurationPlatforms) = postSolution
		{65D52CC1-85DC-48FB-933F-AF4DD5C4700F}.Debug|Any CPU.ActiveCfg = Debug|Any CPU
		{65D52CC1-85DC-48FB-933F-AF4DD5C4700F}.Debug|Any CPU.Build.0 = Debug|Any CPU
		{65D52CC1-85DC-48FB-933F-AF4DD5C4700F}.Release|Any CPU.ActiveCfg = Release|Any CPU
		{65D52CC1-85DC-48FB-933F-AF4DD5C4700F}.Release|Any CPU.Build.0 = Release|Any CPU
	EndGlobalSection
	GlobalSection(SolutionProperties) = preSolution
		HideSolutionNode = FALSE
	EndGlobalSection
	GlobalSection(ExtensibilityGlobals) = postSolution
		SolutionGuid = {AA3FF17C-7FAB-426B-BB68-23FC5947825E}
	EndGlobalSection
EndGlobal
