
Microsoft Visual Studio Solution File, Format Version 12.00
# Visual Studio Version 16
VisualStudioVersion = 16.0.30011.22
MinimumVisualStudioVersion = 10.0.40219.1
Project("{FAE04EC0-301F-11D3-BF4B-00C04F79EFBC}") = "mycsharp_lesson12", "mycsharp_lesson12\mycsharp_lesson12.csproj", "{9AA881B9-5822-43A5-8D5A-B9FC6E003F21}"
EndProject
Global
	GlobalSection(SolutionConfigurationPlatforms) = preSolution
		Debug|Any CPU = Debug|Any CPU
		Release|Any CPU = Release|Any CPU
	EndGlobalSection
	GlobalSection(ProjectConfigurationPlatforms) = postSolution
		{9AA881B9-5822-43A5-8D5A-B9FC6E003F21}.Debug|Any CPU.ActiveCfg = Debug|Any CPU
		{9AA881B9-5822-43A5-8D5A-B9FC6E003F21}.Debug|Any CPU.Build.0 = Debug|Any CPU
		{9AA881B9-5822-43A5-8D5A-B9FC6E003F21}.Release|Any CPU.ActiveCfg = Release|Any CPU
		{9AA881B9-5822-43A5-8D5A-B9FC6E003F21}.Release|Any CPU.Build.0 = Release|Any CPU
	EndGlobalSection
	GlobalSection(SolutionProperties) = preSolution
		HideSolutionNode = FALSE
	EndGlobalSection
	GlobalSection(ExtensibilityGlobals) = postSolution
		SolutionGuid = {98364DA2-5D4D-44EE-982F-6F484C6F95E9}
	EndGlobalSection
EndGlobal
